
Microsoft Visual Studio Solution File, Format Version 12.00
# Visual Studio 14
VisualStudioVersion = 14.0.25420.1
MinimumVisualStudioVersion = 10.0.40219.1
Project("{FAE04EC0-301F-11D3-BF4B-00C04F79EFBC}") = "ConsoleApplication1", "ConsoleApplication1\ConsoleApplication1.csproj", "{74CB16BA-662F-4C9F-8C17-17B71E41F7EA}"
EndProject
Project("{FAE04EC0-301F-11D3-BF4B-00C04F79EFBC}") = "auta", "auta\auta.csproj", "{E5A5ABB9-2574-4E11-81D4-820C31290985}"
EndProject
Project("{FAE04EC0-301F-11D3-BF4B-00C04F79EFBC}") = "Osoba", "Osoba\Osoba.csproj", "{868D9420-5AB8-484A-9278-362612F70016}"
EndProject
Global
	GlobalSection(SolutionConfigurationPlatforms) = preSolution
		Debug|Any CPU = Debug|Any CPU
		Release|Any CPU = Release|Any CPU
	EndGlobalSection
	GlobalSection(ProjectConfigurationPlatforms) = postSolution
		{74CB16BA-662F-4C9F-8C17-17B71E41F7EA}.Debug|Any CPU.ActiveCfg = Debug|Any CPU
		{74CB16BA-662F-4C9F-8C17-17B71E41F7EA}.Debug|Any CPU.Build.0 = Debug|Any CPU
		{74CB16BA-662F-4C9F-8C17-17B71E41F7EA}.Release|Any CPU.ActiveCfg = Release|Any CPU
		{74CB16BA-662F-4C9F-8C17-17B71E41F7EA}.Release|Any CPU.Build.0 = Release|Any CPU
		{E5A5ABB9-2574-4E11-81D4-820C31290985}.Debug|Any CPU.ActiveCfg = Debug|Any CPU
		{E5A5ABB9-2574-4E11-81D4-820C31290985}.Debug|Any CPU.Build.0 = Debug|Any CPU
		{E5A5ABB9-2574-4E11-81D4-820C31290985}.Release|Any CPU.ActiveCfg = Release|Any CPU
		{E5A5ABB9-2574-4E11-81D4-820C31290985}.Release|Any CPU.Build.0 = Release|Any CPU
		{868D9420-5AB8-484A-9278-362612F70016}.Debug|Any CPU.ActiveCfg = Debug|Any CPU
		{868D9420-5AB8-484A-9278-362612F70016}.Debug|Any CPU.Build.0 = Debug|Any CPU
		{868D9420-5AB8-484A-9278-362612F70016}.Release|Any CPU.ActiveCfg = Release|Any CPU
		{868D9420-5AB8-484A-9278-362612F70016}.Release|Any CPU.Build.0 = Release|Any CPU
	EndGlobalSection
	GlobalSection(SolutionProperties) = preSolution
		HideSolutionNode = FALSE
	EndGlobalSection
EndGlobal
